PODS:
  - Bolts (1.9.0):
    - Bolts/AppLinks (= 1.9.0)
    - Bolts/Tasks (= 1.9.0)
  - Bolts/AppLinks (1.9.0):
    - Bolts/Tasks
  - Bolts/Tasks (1.9.0)
  - FacebookCore (0.3.2):
    - Bolts (~> 1.8)
    - FBSDKCoreKit (~> 4.35)
  - FacebookLogin (0.3.2):
    - Bolts (~> 1.8)
    - FacebookCore (~> 0.3.2)
    - FBSDKCoreKit (~> 4.35)
    - FBSDKLoginKit (~> 4.35)
  - FacebookShare (0.3.2):
    - Bolts (~> 1.8)
    - FacebookCore (~> 0.3.2)
    - FBSDKCoreKit (~> 4.35)
    - FBSDKShareKit (~> 4.35)
  - FBSDKCoreKit (4.35.0):
    - Bolts (~> 1.7)
  - FBSDKLoginKit (4.35.0):
    - FBSDKCoreKit
  - FBSDKShareKit (4.35.0):
    - FBSDKCoreKit (~> 4.35.0)
  - Firebase/Auth (5.7.0):
    - Firebase/CoreOnly
    - FirebaseAuth (= 5.0.3)
  - Firebase/CoreOnly (5.7.0):
    - FirebaseCore (= 5.1.2)
  - FirebaseAuth (5.0.3):
    - FirebaseAuthInterop (~> 1.0)
    - FirebaseCore (~> 5.0)
    - GoogleUtilities/Environment (~> 5.2)
    - GTMSessionFetcher/Core (~> 1.1)
  - FirebaseAuthInterop (1.0.0)
  - FirebaseCore (5.1.2):
    - GoogleUtilities/Logger (~> 5.2)
  - GoogleUtilities/Environment (5.2.2)
  - GoogleUtilities/Logger (5.2.2):
    - GoogleUtilities/Environment
  - GTMSessionFetcher/Core (1.2.0)

DEPENDENCIES:
  - FacebookCore
  - FacebookLogin
  - FacebookShare
  - FBSDKCoreKit (= 4.35)
  - FBSDKLoginKit (= 4.35)
  - FBSDKShareKit (= 4.35)
  - Firebase/Auth

SPEC REPOS:
  https://github.com/cocoapods/specs.git:
    - Bolts
    - FacebookCore
    - FacebookLogin
    - FacebookShare
    - FBSDKCoreKit
    - FBSDKLoginKit
    - FBSDKShareKit
    - Firebase
    - FirebaseAuth
    - FirebaseAuthInterop
    - FirebaseCore
    - GoogleUtilities
    - GTMSessionFetcher

SPEC CHECKSUMS:
  Bolts: ac6567323eac61e203f6a9763667d0f711be34c8
  FacebookCore: fe93222bb70346730ef33b061d493e9e7a7cb1f5
  FacebookLogin: a4e225974791c82836765a294582b4778baffc07
  FacebookShare: 5319f2655d53d20c595745a68dae8476027b8bae
  FBSDKCoreKit: 1a5b2e3ceb5ca827a53c54aa5f4a3480efff80d2
  FBSDKLoginKit: 00a3d65d1226852f9d76dcddff01981e5e6d9c38
  FBSDKShareKit: 2ddbd7e6432023fff957af62e23a3671b84319f7
  Firebase: 734a4f92957aa6c40e7ae3fda3d9359e1890aa87
  FirebaseAuth: 657a25e4be044d2d333663ebf515a861c5a59cd7
  FirebaseAuthInterop: 0ffa57668be100582bb7643d4fcb7615496c41fc
  FirebaseCore: 3a97432acb324b439fbed338e642f9cbb516a63d
  GoogleUtilities: 06b66f9567769a7958db20a92f0128b2843e49d5
  GTMSessionFetcher: 0c4baf0a73acd0041bf9f71ea018deedab5ea84e

PODFILE CHECKSUM: e1eddd46173665e4cb45ccddb3487c30c09393ff

COCOAPODS: 1.5.3
